// !$*UTF8*$!
{
	archiveVersion = 1;
	classes = {
	};
	objectVersion = 55;
	objects = {

/* Begin PBXBuildFile section */
		DA777B9428B4A69A00D9498B /* CellContacts.swift in Sources */ = {isa = PBXBuildFile; fileRef = DA777B9228B4A69A00D9498B /* CellContacts.swift */; };
		DA777B9528B4A69A00D9498B /* CellContacts.xib in Resources */ = {isa = PBXBuildFile; fileRef = DA777B9328B4A69A00D9498B /* CellContacts.xib */; };
		DA91C5A928B3975C0079798F /* AddContact.storyboard in Resources */ = {isa = PBXBuildFile; fileRef = DA91C5A828B3975C0079798F /* AddContact.storyboard */; };
		DA91C5AB28B39B370079798F /* AddContactVC.swift in Sources */ = {isa = PBXBuildFile; fileRef = DA91C5AA28B39B370079798F /* AddContactVC.swift */; };
		DA9C7C4C28B38B7F009C6200 /* AppDelegate.swift in Sources */ = {isa = PBXBuildFile; fileRef = DA9C7C4B28B38B7F009C6200 /* AppDelegate.swift */; };
		DA9C7C4E28B38B7F009C6200 /* SceneDelegate.swift in Sources */ = {isa = PBXBuildFile; fileRef = DA9C7C4D28B38B7F009C6200 /* SceneDelegate.swift */; };
		DA9C7C5028B38B7F009C6200 /* HomeVC.swift in Sources */ = {isa = PBXBuildFile; fileRef = DA9C7C4F28B38B7F009C6200 /* HomeVC.swift */; };
		DA9C7C5328B38B7F009C6200 /* Main.storyboard in Resources */ = {isa = PBXBuildFile; fileRef = DA9C7C5128B38B7F009C6200 /* Main.storyboard */; };
		DA9C7C5528B38B82009C6200 /* Assets.xcassets in Resources */ = {isa = PBXBuildFile; fileRef = DA9C7C5428B38B82009C6200 /* Assets.xcassets */; };
		DA9C7C5828B38B82009C6200 /* LaunchScreen.storyboard in Resources */ = {isa = PBXBuildFile; fileRef = DA9C7C5628B38B82009C6200 /* LaunchScreen.storyboard */; };
		DAC2E36628B4CAA70035B0CC /* ProfileVC.swift in Sources */ = {isa = PBXBuildFile; fileRef = DAC2E36528B4CAA70035B0CC /* ProfileVC.swift */; };
		DAC2E36828B4CABC0035B0CC /* ViewProfile.storyboard in Resources */ = {isa = PBXBuildFile; fileRef = DAC2E36728B4CABC0035B0CC /* ViewProfile.storyboard */; };
/* End PBXBuildFile section */

/* Begin PBXFileReference section */
		DA777B9228B4A69A00D9498B /* CellContacts.swift */ = {isa = PBXFileReference; lastKnownFileType = sourcecode.swift; path = CellContacts.swift; sourceTree = "<group>"; };
		DA777B9328B4A69A00D9498B /* CellContacts.xib */ = {isa = PBXFileReference; lastKnownFileType = file.xib; path = CellContacts.xib; sourceTree = "<group>"; };
		DA91C5A828B3975C0079798F /* AddContact.storyboard */ = {isa = PBXFileReference; lastKnownFileType = file.storyboard; path = AddContact.storyboard; sourceTree = "<group>"; };
		DA91C5AA28B39B370079798F /* AddContactVC.swift */ = {isa = PBXFileReference; lastKnownFileType = sourcecode.swift; path = AddContactVC.swift; sourceTree = "<group>"; };
		DA9C7C4828B38B7F009C6200 /* ContactApp.app */ = {isa = PBXFileReference; explicitFileType = wrapper.application; includeInIndex = 0; path = ContactApp.app; sourceTree = BUILT_PRODUCTS_DIR; };
		DA9C7C4B28B38B7F009C6200 /* AppDelegate.swift */ = {isa = PBXFileReference; lastKnownFileType = sourcecode.swift; path = AppDelegate.swift; sourceTree = "<group>"; };
		DA9C7C4D28B38B7F009C6200 /* SceneDelegate.swift */ = {isa = PBXFileReference; lastKnownFileType = sourcecode.swift; path = SceneDelegate.swift; sourceTree = "<group>"; };
		DA9C7C4F28B38B7F009C6200 /* HomeVC.swift */ = {isa = PBXFileReference; lastKnownFileType = sourcecode.swift; path = HomeVC.swift; sourceTree = "<group>"; };
		DA9C7C5228B38B7F009C6200 /* Base */ = {isa = PBXFileReference; lastKnownFileType = file.storyboard; name = Base; path = Base.lproj/Main.storyboard; sourceTree = "<group>"; };
		DA9C7C5428B38B82009C6200 /* Assets.xcassets */ = {isa = PBXFileReference; lastKnownFileType = folder.assetcatalog; path = Assets.xcassets; sourceTree = "<group>"; };
		DA9C7C5728B38B82009C6200 /* Base */ = {isa = PBXFileReference; lastKnownFileType = file.storyboard; name = Base; path = Base.lproj/LaunchScreen.storyboard; sourceTree = "<group>"; };
		DA9C7C5928B38B82009C6200 /* Info.plist */ = {isa = PBXFileReference; lastKnownFileType = text.plist.xml; path = Info.plist; sourceTree = "<group>"; };
		DAC2E36528B4CAA70035B0CC /* ProfileVC.swift */ = {isa = PBXFileReference; lastKnownFileType = sourcecode.swift; path = ProfileVC.swift; sourceTree = "<group>"; };
		DAC2E36728B4CABC0035B0CC /* ViewProfile.storyboard */ = {isa = PBXFileReference; lastKnownFileType = file.storyboard; path = ViewProfile.storyboard; sourceTree = "<group>"; };
/* End PBXFileReference section */

/* Begin PBXFrameworksBuildPhase section */
		DA9C7C4528B38B7F009C6200 /* Frameworks */ = {
			isa = PBXFrameworksBuildPhase;
			buildActionMask = 2147483647;
			files = (
			);
			runOnlyForDeploymentPostprocessing = 0;
		};
/* End PBXFrameworksBuildPhase section */

/* Begin PBXGroup section */
		DA777B9128B4A5E100D9498B /* Cell */ = {
			isa = PBXGroup;
			children = (
				DA777B9228B4A69A00D9498B /* CellContacts.swift */,
				DA777B9328B4A69A00D9498B /* CellContacts.xib */,
			);
			path = Cell;
			sourceTree = "<group>";
		};
		DA91C5A628B397290079798F /* ViewController */ = {
			isa = PBXGroup;
			children = (
				DA9C7C4F28B38B7F009C6200 /* HomeVC.swift */,
				DA91C5AA28B39B370079798F /* AddContactVC.swift */,
				DAC2E36528B4CAA70035B0CC /* ProfileVC.swift */,
			);
			path = ViewController;
			sourceTree = "<group>";
		};
		DA91C5A728B3972F0079798F /* Storyboards */ = {
			isa = PBXGroup;
			children = (
				DA9C7C5128B38B7F009C6200 /* Main.storyboard */,
				DA91C5A828B3975C0079798F /* AddContact.storyboard */,
				DAC2E36728B4CABC0035B0CC /* ViewProfile.storyboard */,
			);
			path = Storyboards;
			sourceTree = "<group>";
		};
		DA9C7C3F28B38B7F009C6200 = {
			isa = PBXGroup;
			children = (
				DA9C7C4A28B38B7F009C6200 /* ContactApp */,
				DA9C7C4928B38B7F009C6200 /* Products */,
			);
			sourceTree = "<group>";
		};
		DA9C7C4928B38B7F009C6200 /* Products */ = {
			isa = PBXGroup;
			children = (
				DA9C7C4828B38B7F009C6200 /* ContactApp.app */,
			);
			name = Products;
			sourceTree = "<group>";
		};
		DA9C7C4A28B38B7F009C6200 /* ContactApp */ = {
			isa = PBXGroup;
			children = (
				DA777B9128B4A5E100D9498B /* Cell */,
				DA91C5A728B3972F0079798F /* Storyboards */,
				DA91C5A628B397290079798F /* ViewController */,
				DA9C7C4B28B38B7F009C6200 /* AppDelegate.swift */,
				DA9C7C4D28B38B7F009C6200 /* SceneDelegate.swift */,
				DA9C7C5428B38B82009C6200 /* Assets.xcassets */,
				DA9C7C5628B38B82009C6200 /* LaunchScreen.storyboard */,
				DA9C7C5928B38B82009C6200 /* Info.plist */,
			);
			path = ContactApp;
			sourceTree = "<group>";
		};
/* End PBXGroup section */

/* Begin PBXNativeTarget section */
		DA9C7C4728B38B7F009C6200 /* ContactApp */ = {
			isa = PBXNativeTarget;
			buildConfigurationList = DA9C7C5C28B38B82009C6200 /* Build configuration list for PBXNativeTarget "ContactApp" */;
			buildPhases = (
				DA9C7C4428B38B7F009C6200 /* Sources */,
				DA9C7C4528B38B7F009C6200 /* Frameworks */,
				DA9C7C4628B38B7F009C6200 /* Resources */,
			);
			buildRules = (
			);
			dependencies = (
			);
			name = ContactApp;
			productName = ContactApp;
			productReference = DA9C7C4828B38B7F009C6200 /* ContactApp.app */;
			productType = "com.apple.product-type.application";
		};
/* End PBXNativeTarget section */

/* Begin PBXProject section */
		DA9C7C4028B38B7F009C6200 /* Project object */ = {
			isa = PBXProject;
			attributes = {
				BuildIndependentTargetsInParallel = 1;
				LastSwiftUpdateCheck = 1330;
				LastUpgradeCheck = 1330;
				TargetAttributes = {
					DA9C7C4728B38B7F009C6200 = {
						CreatedOnToolsVersion = 13.3.1;
					};
				};
			};
			buildConfigurationList = DA9C7C4328B38B7F009C6200 /* Build configuration list for PBXProject "ContactApp" */;
			compatibilityVersion = "Xcode 13.0";
			developmentRegion = en;
			hasScannedForEncodings = 0;
			knownRegions = (
				en,
				Base,
			);
			mainGroup = DA9C7C3F28B38B7F009C6200;
			productRefGroup = DA9C7C4928B38B7F009C6200 /* Products */;
			projectDirPath = "";
			projectRoot = "";
			targets = (
				DA9C7C4728B38B7F009C6200 /* ContactApp */,
			);
		};
/* End PBXProject section */

/* Begin PBXResourcesBuildPhase section */
		DA9C7C4628B38B7F009C6200 /* Resources */ = {
			isa = PBXResourcesBuildPhase;
			buildActionMask = 2147483647;
			files = (
				DA9C7C5828B38B82009C6200 /* LaunchScreen.storyboard in Resources */,
				DAC2E36828B4CABC0035B0CC /* ViewProfile.storyboard in Resources */,
				DA777B9528B4A69A00D9498B /* CellContacts.xib in Resources */,
				DA91C5A928B3975C0079798F /* AddContact.storyboard in Resources */,
				DA9C7C5528B38B82009C6200 /* Assets.xcassets in Resources */,
				DA9C7C5328B38B7F009C6200 /* Main.storyboard in Resources */,
			);
			runOnlyForDeploymentPostprocessing = 0;
		};
/* End PBXResourcesBuildPhase section */

/* Begin PBXSourcesBuildPhase section */
		DA9C7C4428B38B7F009C6200 /* Sources */ = {
			isa = PBXSourcesBuildPhase;
			buildActionMask = 2147483647;
			files = (
				DAC2E36628B4CAA70035B0CC /* ProfileVC.swift in Sources */,
				DA777B9428B4A69A00D9498B /* CellContacts.swift in Sources */,
				DA9C7C5028B38B7F009C6200 /* HomeVC.swift in Sources */,
				DA9C7C4C28B38B7F009C6200 /* AppDelegate.swift in Sources */,
				DA9C7C4E28B38B7F009C6200 /* SceneDelegate.swift in Sources */,
				DA91C5AB28B39B370079798F /* AddContactVC.swift in Sources */,
			);
			runOnlyForDeploymentPostprocessing = 0;
		};
/* End PBXSourcesBuildPhase section */

/* Begin PBXVariantGroup section */
		DA9C7C5128B38B7F009C6200 /* Main.storyboard */ = {
			isa = PBXVariantGroup;
			children = (
				DA9C7C5228B38B7F009C6200 /* Base */,
			);
			name = Main.storyboard;
			sourceTree = "<group>";
		};
		DA9C7C5628B38B82009C6200 /* LaunchScreen.storyboard */ = {
			isa = PBXVariantGroup;
			children = (
				DA9C7C5728B38B82009C6200 /* Base */,
			);
			name = LaunchScreen.storyboard;
			sourceTree = "<group>";
		};
/* End PBXVariantGroup section */

/* Begin XCBuildConfiguration section */
		DA9C7C5A28B38B82009C6200 /* Debug */ = {
			isa = XCBuildConfiguration;
			buildSettings = {
				ALWAYS_SEARCH_USER_PATHS = NO;
				CLANG_ANALYZER_NONNULL = YES;
				CLANG_ANALYZER_NUMBER_OBJECT_CONVERSION = YES_AGGRESSIVE;
				CLANG_CXX_LANGUAGE_STANDARD = "gnu++17";
				CLANG_ENABLE_MODULES = YES;
				CLANG_ENABLE_OBJC_ARC = YES;
				CLANG_ENABLE_OBJC_WEAK = YES;
				CLANG_WARN_BLOCK_CAPTURE_AUTORELEASING = YES;
				CLANG_WARN_BOOL_CONVERSION = YES;
				CLANG_WARN_COMMA = YES;
				CLANG_WARN_CONSTANT_CONVERSION = YES;
				CLANG_WARN_DEPRECATED_OBJC_IMPLEMENTATIONS = YES;
				CLANG_WARN_DIRECT_OBJC_ISA_USAGE = YES_ERROR;
				CLANG_WARN_DOCUMENTATION_COMMENTS = YES;
				CLANG_WARN_EMPTY_BODY = YES;
				CLANG_WARN_ENUM_CONVERSION = YES;
				CLANG_WARN_INFINITE_RECURSION = YES;
				CLANG_WARN_INT_CONVERSION = YES;
				CLANG_WARN_NON_LITERAL_NULL_CONVERSION = YES;
				CLANG_WARN_OBJC_IMPLICIT_RETAIN_SELF = YES;
				CLANG_WARN_OBJC_LITERAL_CONVERSION = YES;
				CLANG_WARN_OBJC_ROOT_CLASS = YES_ERROR;
				CLANG_WARN_QUOTED_INCLUDE_IN_FRAMEWORK_HEADER = YES;
				CLANG_WARN_RANGE_LOOP_ANALYSIS = YES;
				CLANG_WARN_STRICT_PROTOTYPES = YES;
				CLANG_WARN_SUSPICIOUS_MOVE = YES;
				CLANG_WARN_UNGUARDED_AVAILABILITY = YES_AGGRESSIVE;
				CLANG_WARN_UNREACHABLE_CODE = YES;
				CLANG_WARN__DUPLICATE_METHOD_MATCH = YES;
				COPY_PHASE_STRIP = NO;
				DEBUG_INFORMATION_FORMAT = dwarf;
				ENABLE_STRICT_OBJC_MSGSEND = YES;
				ENABLE_TESTABILITY = YES;
				GCC_C_LANGUAGE_STANDARD = gnu11;
				GCC_DYNAMIC_NO_PIC = NO;
				GCC_NO_COMMON_BLOCKS = YES;
				GCC_OPTIMIZATION_LEVEL = 0;
				GCC_PREPROCESSOR_DEFINITIONS = (
					"DEBUG=1",
					"$(inherited)",
				);
				GCC_WARN_64_TO_32_BIT_CONVERSION = YES;
				GCC_WARN_ABOUT_RETURN_TYPE = YES_ERROR;
				GCC_WARN_UNDECLARED_SELECTOR = YES;
				GCC_WARN_UNINITIALIZED_AUTOS = YES_AGGRESSIVE;
				GCC_WARN_UNUSED_FUNCTION = YES;
				GCC_WARN_UNUSED_VARIABLE = YES;
				IPHONEOS_DEPLOYMENT_TARGET = 15.4;
				MTL_ENABLE_DEBUG_INFO = INCLUDE_SOURCE;
				MTL_FAST_MATH = YES;
				ONLY_ACTIVE_ARCH = YES;
				SDKROOT = iphoneos;
				SWIFT_ACTIVE_COMPILATION_CONDITIONS = DEBUG;
				SWIFT_OPTIMIZATION_LEVEL = "-Onone";
			};
			name = Debug;
		};
		DA9C7C5B28B38B82009C6200 /* Release */ = {
			isa = XCBuildConfiguration;
			buildSettings = {
				ALWAYS_SEARCH_USER_PATHS = NO;
				CLANG_ANALYZER_NONNULL = YES;
				CLANG_ANALYZER_NUMBER_OBJECT_CONVERSION = YES_AGGRESSIVE;
				CLANG_CXX_LANGUAGE_STANDARD = "gnu++17";
				CLANG_ENABLE_MODULES = YES;
				CLANG_ENABLE_OBJC_ARC = YES;
				CLANG_ENABLE_OBJC_WEAK = YES;
				CLANG_WARN_BLOCK_CAPTURE_AUTORELEASING = YES;
				CLANG_WARN_BOOL_CONVERSION = YES;
				CLANG_WARN_COMMA = YES;
				CLANG_WARN_CONSTANT_CONVERSION = YES;
				CLANG_WARN_DEPRECATED_OBJC_IMPLEMENTATIONS = YES;
				CLANG_WARN_DIRECT_OBJC_ISA_USAGE = YES_ERROR;
				CLANG_WARN_DOCUMENTATION_COMMENTS = YES;
				CLANG_WARN_EMPTY_BODY = YES;
				CLANG_WARN_ENUM_CONVERSION = YES;
				CLANG_WARN_INFINITE_RECURSION = YES;
				CLANG_WARN_INT_CONVERSION = YES;
				CLANG_WARN_NON_LITERAL_NULL_CONVERSION = YES;
				CLANG_WARN_OBJC_IMPLICIT_RETAIN_SELF = YES;
				CLANG_WARN_OBJC_LITERAL_CONVERSION = YES;
				CLANG_WARN_OBJC_ROOT_CLASS = YES_ERROR;
				CLANG_WARN_QUOTED_INCLUDE_IN_FRAMEWORK_HEADER = YES;
				CLANG_WARN_RANGE_LOOP_ANALYSIS = YES;
				CLANG_WARN_STRICT_PROTOTYPES = YES;
				CLANG_WARN_SUSPICIOUS_MOVE = YES;
				CLANG_WARN_UNGUARDED_AVAILABILITY = YES_AGGRESSIVE;
				CLANG_WARN_UNREACHABLE_CODE = YES;
				CLANG_WARN__DUPLICATE_METHOD_MATCH = YES;
				COPY_PHASE_STRIP = NO;
				DEBUG_INFORMATION_FORMAT = "dwarf-with-dsym";
				ENABLE_NS_ASSERTIONS = NO;
				ENABLE_STRICT_OBJC_MSGSEND = YES;
				GCC_C_LANGUAGE_STANDARD = gnu11;
				GCC_NO_COMMON_BLOCKS = YES;
				GCC_WARN_64_TO_32_BIT_CONVERSION = YES;
				GCC_WARN_ABOUT_RETURN_TYPE = YES_ERROR;
				GCC_WARN_UNDECLARED_SELECTOR = YES;
				GCC_WARN_UNINITIALIZED_AUTOS = YES_AGGRESSIVE;
				GCC_WARN_UNUSED_FUNCTION = YES;
				GCC_WARN_UNUSED_VARIABLE = YES;
				IPHONEOS_DEPLOYMENT_TARGET = 15.4;
				MTL_ENABLE_DEBUG_INFO = NO;
				MTL_FAST_MATH = YES;
				SDKROOT = iphoneos;
				SWIFT_COMPILATION_MODE = wholemodule;
				SWIFT_OPTIMIZATION_LEVEL = "-O";
				VALIDATE_PRODUCT = YES;
			};
			name = Release;
		};
		DA9C7C5D28B38B82009C6200 /* Debug */ = {
			isa = XCBuildConfiguration;
			buildSettings = {
				ASSETCATALOG_COMPILER_APPICON_NAME = AppIcon;
				ASSETCATALOG_COMPILER_GLOBAL_ACCENT_COLOR_NAME = AccentColor;
				CODE_SIGN_IDENTITY = "Apple Development";
				CODE_SIGN_STYLE = Automatic;
				CURRENT_PROJECT_VERSION = 1;
				DEVELOPMENT_TEAM = BL9M8G72R9;
				GENERATE_INFOPLIST_FILE = YES;
				INFOPLIST_FILE = ContactApp/Info.plist;
				INFOPLIST_KEY_UIApplicationSupportsIndirectInputEvents = YES;
				INFOPLIST_KEY_UILaunchStoryboardName = LaunchScreen;
				INFOPLIST_KEY_UIMainStoryboardFile = Main;
				INFOPLIST_KEY_UISupportedInterfaceOrientations_iPad = "UIInterfaceOrientationPortrait UIInterfaceOrientationPortraitUpsideDown UIInterfaceOrientationLandscapeLeft UIInterfaceOrientationLandscapeRight";
				INFOPLIST_KEY_UISupportedInterfaceOrientations_iPhone = "UIInterfaceOrientationPortrait UIInterfaceOrientationLandscapeLeft UIInterfaceOrientationLandscapeRight";
				LD_RUNPATH_SEARCH_PATHS = (
					"$(inherited)",
					"@executable_path/Frameworks",
				);
				MARKETING_VERSION = 1.0;
				PRODUCT_BUNDLE_IDENTIFIER = com.divyapanthi.ContactApp;
				PRODUCT_NAME = "$(TARGET_NAME)";
				PROVISIONING_PROFILE_SPECIFIER = "";
				SWIFT_EMIT_LOC_STRINGS = YES;
				SWIFT_VERSION = 5.0;
				TARGETED_DEVICE_FAMILY = "1,2";
			};
			name = Debug;
		};
		DA9C7C5E28B38B82009C6200 /* Release */ = {
			isa = XCBuildConfiguration;
			buildSettings = {
				ASSETCATALOG_COMPILER_APPICON_NAME = AppIcon;
				ASSETCATALOG_COMPILER_GLOBAL_ACCENT_COLOR_NAME = AccentColor;
				CODE_SIGN_IDENTITY = "Apple Development";
				CODE_SIGN_STYLE = Automatic;
				CURRENT_PROJECT_VERSION = 1;
				DEVELOPMENT_TEAM = BL9M8G72R9;
				GENERATE_INFOPLIST_FILE = YES;
				INFOPLIST_FILE = ContactApp/Info.plist;
				INFOPLIST_KEY_UIApplicationSupportsIndirectInputEvents = YES;
				INFOPLIST_KEY_UILaunchStoryboardName = LaunchScreen;
				INFOPLIST_KEY_UIMainStoryboardFile = Main;
				INFOPLIST_KEY_UISupportedInterfaceOrientations_iPad = "UIInterfaceOrientationPortrait UIInterfaceOrientationPortraitUpsideDown UIInterfaceOrientationLandscapeLeft UIInterfaceOrientationLandscapeRight";
				INFOPLIST_KEY_UISupportedInterfaceOrientations_iPhone = "UIInterfaceOrientationPortrait UIInterfaceOrientationLandscapeLeft UIInterfaceOrientationLandscapeRight";
				LD_RUNPATH_SEARCH_PATHS = (
					"$(inherited)",
					"@executable_path/Frameworks",
				);
				MARKETING_VERSION = 1.0;
				PRODUCT_BUNDLE_IDENTIFIER = com.divyapanthi.ContactApp;
				PRODUCT_NAME = "$(TARGET_NAME)";
				PROVISIONING_PROFILE_SPECIFIER = "";
				SWIFT_EMIT_LOC_STRINGS = YES;
				SWIFT_VERSION = 5.0;
				TARGETED_DEVICE_FAMILY = "1,2";
			};
			name = Release;
		};
/* End XCBuildConfiguration section */

/* Begin XCConfigurationList section */
		DA9C7C4328B38B7F009C6200 /* Build configuration list for PBXProject "ContactApp" */ = {
			isa = XCConfigurationList;
			buildConfigurations = (
				DA9C7C5A28B38B82009C6200 /* Debug */,
				DA9C7C5B28B38B82009C6200 /* Release */,
			);
			defaultConfigurationIsVisible = 0;
			defaultConfigurationName = Release;
		};
		DA9C7C5C28B38B82009C6200 /* Build configuration list for PBXNativeTarget "ContactApp" */ = {
			isa = XCConfigurationList;
			buildConfigurations = (
				DA9C7C5D28B38B82009C6200 /* Debug */,
				DA9C7C5E28B38B82009C6200 /* Release */,
			);
			defaultConfigurationIsVisible = 0;
			defaultConfigurationName = Release;
		};
/* End XCConfigurationList section */
	};
	rootObject = DA9C7C4028B38B7F009C6200 /* Project object */;
}
